
Microsoft Visual Studio Solution File, Format Version 12.00
# Visual Studio Version 17
VisualStudioVersion = 17.5.33502.453
MinimumVisualStudioVersion = 10.0.40219.1
Project("{2150E333-8FDC-42A3-9474-1A3956D46DE8}") = "Services", "Services", "{43A66449-11E8-49F1-9A35-540A1D141936}"
EndProject
Project("{2150E333-8FDC-42A3-9474-1A3956D46DE8}") = "Catalog", "Catalog", "{FEEE8EE0-D521-453F-BF53-42B04CF6B50A}"
EndProject
Project("{2150E333-8FDC-42A3-9474-1A3956D46DE8}") = "Solution Items", "Solution Items", "{2C86525B-F267-4BC5-B9C5-C6AE5F340BE4}"
	ProjectSection(SolutionItems) = preProject
		Ports.txt = Ports.txt
	EndProjectSection
EndProject
Project("{2150E333-8FDC-42A3-9474-1A3956D46DE8}") = "Shared", "Shared", "{3CD3F1E8-670C-453E-AB65-3C95F14B7345}"
EndProject
Project("{2150E333-8FDC-42A3-9474-1A3956D46DE8}") = "IdentityServer", "IdentityServer", "{0D152F02-DDDE-4D7B-A517-AE705901ECF8}"
EndProject
Project("{2150E333-8FDC-42A3-9474-1A3956D46DE8}") = "PhotoStock", "PhotoStock", "{91AA268D-0A86-4E50-BCFA-EE4F6C419C6D}"
EndProject
Project("{2150E333-8FDC-42A3-9474-1A3956D46DE8}") = "Basket", "Basket", "{233D1595-4B93-49CA-A2D7-BDB8C9445DE8}"
EndProject
Project("{2150E333-8FDC-42A3-9474-1A3956D46DE8}") = "Discount", "Discount", "{1BA96477-94AE-4C2E-9268-0109DB226950}"
EndProject
Project("{2150E333-8FDC-42A3-9474-1A3956D46DE8}") = "Order", "Order", "{E1CC8FCC-7C02-4E71-A86C-38BA005A4CAF}"
EndProject
Project("{2150E333-8FDC-42A3-9474-1A3956D46DE8}") = "FakePayment", "FakePayment", "{D04E7EFA-3C43-42A2-98F1-035CD8BEE685}"
EndProject
Project("{2150E333-8FDC-42A3-9474-1A3956D46DE8}") = "Gateways", "Gateways", "{AEB85377-5137-419F-B0FC-9BE676A3993B}"
EndProject
Project("{2150E333-8FDC-42A3-9474-1A3956D46DE8}") = "Frontends", "Frontends", "{A0611811-F0A4-41F7-84EA-181C084955AA}"
EndProject
Project("{9A19103F-16F7-4668-BE54-9A1E7A4F7556}") = "MicroCourse.Web", "Frontends\MicroCourse.Web\MicroCourse.Web.csproj", "{00E1F33B-20A5-45FF-B836-F4143A1E6D47}"
EndProject
Project("{9A19103F-16F7-4668-BE54-9A1E7A4F7556}") = "MicroCourse.Gateway", "MicroCourse.Gateway\MicroCourse.Gateway.csproj", "{2BDBC0F0-69C7-4327-B89B-28290D6CC464}"
EndProject
Project("{9A19103F-16F7-4668-BE54-9A1E7A4F7556}") = "MicroCourse.IdentityServer", "IdentityServer\MicroCourse.IdentityServer\MicroCourse.IdentityServer.csproj", "{60D40130-1680-4308-8163-666754587447}"
EndProject
Project("{9A19103F-16F7-4668-BE54-9A1E7A4F7556}") = "MicroCourse.Services.Basket", "Services\Basket\MicroCourse.Services.Basket\MicroCourse.Services.Basket.csproj", "{4B455466-F428-4157-AEB0-D8CC63E44CDB}"
EndProject
Project("{9A19103F-16F7-4668-BE54-9A1E7A4F7556}") = "MicroCourse.Services.Catalog", "Services\Catalog\MicroCourse.Services.Catalog\MicroCourse.Services.Catalog.csproj", "{DE09E84E-37E0-468B-8A77-118382DB014C}"
EndProject
Project("{9A19103F-16F7-4668-BE54-9A1E7A4F7556}") = "MicroCourse.Services.Discount", "Services\Discount\MicroCourse.Services.Discount\MicroCourse.Services.Discount.csproj", "{A35F5FD5-BFDE-4470-9CB4-404686115E66}"
EndProject
Project("{9A19103F-16F7-4668-BE54-9A1E7A4F7556}") = "MicroCourse.Services.FakePayment", "Services\FakePayment\MicroCourse.Services.FakePayment\MicroCourse.Services.FakePayment.csproj", "{AC92D9CF-83B1-49BB-9234-9EFE54164B01}"
EndProject
Project("{9A19103F-16F7-4668-BE54-9A1E7A4F7556}") = "MicroCourse.Services.Order.API", "Services\Order\MicroCourse.Services.Order.API\MicroCourse.Services.Order.API.csproj", "{F73BEE84-12B3-4D58-B7F3-965B8CACBDEC}"
EndProject
Project("{9A19103F-16F7-4668-BE54-9A1E7A4F7556}") = "MicroCourse.Services.Order.Application", "Services\Order\MicroCourse.Services.Order.Application\MicroCourse.Services.Order.Application.csproj", "{223CD21E-9347-4721-8E1F-AEDF9535A20E}"
EndProject
Project("{9A19103F-16F7-4668-BE54-9A1E7A4F7556}") = "MicroCourse.Services.Order.Domain", "Services\Order\MicroCourse.Services.Order.Domain\MicroCourse.Services.Order.Domain.csproj", "{340372EC-24A3-47C8-8552-849528199AA8}"
EndProject
Project("{9A19103F-16F7-4668-BE54-9A1E7A4F7556}") = "MicroCourse.Services.Order.Domain.Core", "Services\Order\MicroCourse.Services.Order.Domain.Core\MicroCourse.Services.Order.Domain.Core.csproj", "{5679658C-1185-4C02-B3A6-8B34CBAE7EA9}"
EndProject
Project("{9A19103F-16F7-4668-BE54-9A1E7A4F7556}") = "MicroCourse.Services.Order.Infrastructure", "Services\Order\MicroCourse.Services.Order.Infrastructure\MicroCourse.Services.Order.Infrastructure.csproj", "{1911598E-6041-4EA2-BF8F-20C4477C51D4}"
EndProject
Project("{9A19103F-16F7-4668-BE54-9A1E7A4F7556}") = "MicroCourse.Services.PhotoStock", "Services\PhotoStock\MicroCourse.Services.PhotoStock\MicroCourse.Services.PhotoStock.csproj", "{253C33CE-2A26-4F82-9667-D1BACE88C36D}"
EndProject
Project("{9A19103F-16F7-4668-BE54-9A1E7A4F7556}") = "MicroCourse.Shared", "Shared\MicroCourse.Shared\MicroCourse.Shared.csproj", "{9F4B1CAD-20CC-49F4-B0DF-3DA1C187F827}"
EndProject
Global
	GlobalSection(SolutionConfigurationPlatforms) = preSolution
		Debug|Any CPU = Debug|Any CPU
		Release|Any CPU = Release|Any CPU
	EndGlobalSection
	GlobalSection(ProjectConfigurationPlatforms) = postSolution
		{00E1F33B-20A5-45FF-B836-F4143A1E6D47}.Debug|Any CPU.ActiveCfg = Debug|Any CPU
		{00E1F33B-20A5-45FF-B836-F4143A1E6D47}.Debug|Any CPU.Build.0 = Debug|Any CPU
		{00E1F33B-20A5-45FF-B836-F4143A1E6D47}.Release|Any CPU.ActiveCfg = Release|Any CPU
		{00E1F33B-20A5-45FF-B836-F4143A1E6D47}.Release|Any CPU.Build.0 = Release|Any CPU
		{2BDBC0F0-69C7-4327-B89B-28290D6CC464}.Debug|Any CPU.ActiveCfg = Debug|Any CPU
		{2BDBC0F0-69C7-4327-B89B-28290D6CC464}.Debug|Any CPU.Build.0 = Debug|Any CPU
		{2BDBC0F0-69C7-4327-B89B-28290D6CC464}.Release|Any CPU.ActiveCfg = Release|Any CPU
		{2BDBC0F0-69C7-4327-B89B-28290D6CC464}.Release|Any CPU.Build.0 = Release|Any CPU
		{60D40130-1680-4308-8163-666754587447}.Debug|Any CPU.ActiveCfg = Debug|Any CPU
		{60D40130-1680-4308-8163-666754587447}.Debug|Any CPU.Build.0 = Debug|Any CPU
		{60D40130-1680-4308-8163-666754587447}.Release|Any CPU.ActiveCfg = Release|Any CPU
		{60D40130-1680-4308-8163-666754587447}.Release|Any CPU.Build.0 = Release|Any CPU
		{4B455466-F428-4157-AEB0-D8CC63E44CDB}.Debug|Any CPU.ActiveCfg = Debug|Any CPU
		{4B455466-F428-4157-AEB0-D8CC63E44CDB}.Debug|Any CPU.Build.0 = Debug|Any CPU
		{4B455466-F428-4157-AEB0-D8CC63E44CDB}.Release|Any CPU.ActiveCfg = Release|Any CPU
		{4B455466-F428-4157-AEB0-D8CC63E44CDB}.Release|Any CPU.Build.0 = Release|Any CPU
		{DE09E84E-37E0-468B-8A77-118382DB014C}.Debug|Any CPU.ActiveCfg = Debug|Any CPU
		{DE09E84E-37E0-468B-8A77-118382DB014C}.Debug|Any CPU.Build.0 = Debug|Any CPU
		{DE09E84E-37E0-468B-8A77-118382DB014C}.Release|Any CPU.ActiveCfg = Release|Any CPU
		{DE09E84E-37E0-468B-8A77-118382DB014C}.Release|Any CPU.Build.0 = Release|Any CPU
		{A35F5FD5-BFDE-4470-9CB4-404686115E66}.Debug|Any CPU.ActiveCfg = Debug|Any CPU
		{A35F5FD5-BFDE-4470-9CB4-404686115E66}.Debug|Any CPU.Build.0 = Debug|Any CPU
		{A35F5FD5-BFDE-4470-9CB4-404686115E66}.Release|Any CPU.ActiveCfg = Release|Any CPU
		{A35F5FD5-BFDE-4470-9CB4-404686115E66}.Release|Any CPU.Build.0 = Release|Any CPU
		{AC92D9CF-83B1-49BB-9234-9EFE54164B01}.Debug|Any CPU.ActiveCfg = Debug|Any CPU
		{AC92D9CF-83B1-49BB-9234-9EFE54164B01}.Debug|Any CPU.Build.0 = Debug|Any CPU
		{AC92D9CF-83B1-49BB-9234-9EFE54164B01}.Release|Any CPU.ActiveCfg = Release|Any CPU
		{AC92D9CF-83B1-49BB-9234-9EFE54164B01}.Release|Any CPU.Build.0 = Release|Any CPU
		{F73BEE84-12B3-4D58-B7F3-965B8CACBDEC}.Debug|Any CPU.ActiveCfg = Debug|Any CPU
		{F73BEE84-12B3-4D58-B7F3-965B8CACBDEC}.Debug|Any CPU.Build.0 = Debug|Any CPU
		{F73BEE84-12B3-4D58-B7F3-965B8CACBDEC}.Release|Any CPU.ActiveCfg = Release|Any CPU
		{F73BEE84-12B3-4D58-B7F3-965B8CACBDEC}.Release|Any CPU.Build.0 = Release|Any CPU
		{223CD21E-9347-4721-8E1F-AEDF9535A20E}.Debug|Any CPU.ActiveCfg = Debug|Any CPU
		{223CD21E-9347-4721-8E1F-AEDF9535A20E}.Debug|Any CPU.Build.0 = Debug|Any CPU
		{223CD21E-9347-4721-8E1F-AEDF9535A20E}.Release|Any CPU.ActiveCfg = Release|Any CPU
		{223CD21E-9347-4721-8E1F-AEDF9535A20E}.Release|Any CPU.Build.0 = Release|Any CPU
		{340372EC-24A3-47C8-8552-849528199AA8}.Debug|Any CPU.ActiveCfg = Debug|Any CPU
		{340372EC-24A3-47C8-8552-849528199AA8}.Debug|Any CPU.Build.0 = Debug|Any CPU
		{340372EC-24A3-47C8-8552-849528199AA8}.Release|Any CPU.ActiveCfg = Release|Any CPU
		{340372EC-24A3-47C8-8552-849528199AA8}.Release|Any CPU.Build.0 = Release|Any CPU
		{5679658C-1185-4C02-B3A6-8B34CBAE7EA9}.Debug|Any CPU.ActiveCfg = Debug|Any CPU
		{5679658C-1185-4C02-B3A6-8B34CBAE7EA9}.Debug|Any CPU.Build.0 = Debug|Any CPU
		{5679658C-1185-4C02-B3A6-8B34CBAE7EA9}.Release|Any CPU.ActiveCfg = Release|Any CPU
		{5679658C-1185-4C02-B3A6-8B34CBAE7EA9}.Release|Any CPU.Build.0 = Release|Any CPU
		{1911598E-6041-4EA2-BF8F-20C4477C51D4}.Debug|Any CPU.ActiveCfg = Debug|Any CPU
		{1911598E-6041-4EA2-BF8F-20C4477C51D4}.Debug|Any CPU.Build.0 = Debug|Any CPU
		{1911598E-6041-4EA2-BF8F-20C4477C51D4}.Release|Any CPU.ActiveCfg = Release|Any CPU
		{1911598E-6041-4EA2-BF8F-20C4477C51D4}.Release|Any CPU.Build.0 = Release|Any CPU
		{253C33CE-2A26-4F82-9667-D1BACE88C36D}.Debug|Any CPU.ActiveCfg = Debug|Any CPU
		{253C33CE-2A26-4F82-9667-D1BACE88C36D}.Debug|Any CPU.Build.0 = Debug|Any CPU
		{253C33CE-2A26-4F82-9667-D1BACE88C36D}.Release|Any CPU.ActiveCfg = Release|Any CPU
		{253C33CE-2A26-4F82-9667-D1BACE88C36D}.Release|Any CPU.Build.0 = Release|Any CPU
		{9F4B1CAD-20CC-49F4-B0DF-3DA1C187F827}.Debug|Any CPU.ActiveCfg = Debug|Any CPU
		{9F4B1CAD-20CC-49F4-B0DF-3DA1C187F827}.Debug|Any CPU.Build.0 = Debug|Any CPU
		{9F4B1CAD-20CC-49F4-B0DF-3DA1C187F827}.Release|Any CPU.ActiveCfg = Release|Any CPU
		{9F4B1CAD-20CC-49F4-B0DF-3DA1C187F827}.Release|Any CPU.Build.0 = Release|Any CPU
	EndGlobalSection
	GlobalSection(SolutionProperties) = preSolution
		HideSolutionNode = FALSE
	EndGlobalSection
	GlobalSection(NestedProjects) = preSolution
		{FEEE8EE0-D521-453F-BF53-42B04CF6B50A} = {43A66449-11E8-49F1-9A35-540A1D141936}
		{91AA268D-0A86-4E50-BCFA-EE4F6C419C6D} = {43A66449-11E8-49F1-9A35-540A1D141936}
		{233D1595-4B93-49CA-A2D7-BDB8C9445DE8} = {43A66449-11E8-49F1-9A35-540A1D141936}
		{1BA96477-94AE-4C2E-9268-0109DB226950} = {43A66449-11E8-49F1-9A35-540A1D141936}
		{E1CC8FCC-7C02-4E71-A86C-38BA005A4CAF} = {43A66449-11E8-49F1-9A35-540A1D141936}
		{D04E7EFA-3C43-42A2-98F1-035CD8BEE685} = {43A66449-11E8-49F1-9A35-540A1D141936}
		{00E1F33B-20A5-45FF-B836-F4143A1E6D47} = {A0611811-F0A4-41F7-84EA-181C084955AA}
		{2BDBC0F0-69C7-4327-B89B-28290D6CC464} = {AEB85377-5137-419F-B0FC-9BE676A3993B}
		{60D40130-1680-4308-8163-666754587447} = {0D152F02-DDDE-4D7B-A517-AE705901ECF8}
		{4B455466-F428-4157-AEB0-D8CC63E44CDB} = {233D1595-4B93-49CA-A2D7-BDB8C9445DE8}
		{DE09E84E-37E0-468B-8A77-118382DB014C} = {FEEE8EE0-D521-453F-BF53-42B04CF6B50A}
		{A35F5FD5-BFDE-4470-9CB4-404686115E66} = {1BA96477-94AE-4C2E-9268-0109DB226950}
		{AC92D9CF-83B1-49BB-9234-9EFE54164B01} = {D04E7EFA-3C43-42A2-98F1-035CD8BEE685}
		{F73BEE84-12B3-4D58-B7F3-965B8CACBDEC} = {E1CC8FCC-7C02-4E71-A86C-38BA005A4CAF}
		{223CD21E-9347-4721-8E1F-AEDF9535A20E} = {E1CC8FCC-7C02-4E71-A86C-38BA005A4CAF}
		{340372EC-24A3-47C8-8552-849528199AA8} = {E1CC8FCC-7C02-4E71-A86C-38BA005A4CAF}
		{5679658C-1185-4C02-B3A6-8B34CBAE7EA9} = {E1CC8FCC-7C02-4E71-A86C-38BA005A4CAF}
		{1911598E-6041-4EA2-BF8F-20C4477C51D4} = {E1CC8FCC-7C02-4E71-A86C-38BA005A4CAF}
		{253C33CE-2A26-4F82-9667-D1BACE88C36D} = {91AA268D-0A86-4E50-BCFA-EE4F6C419C6D}
		{9F4B1CAD-20CC-49F4-B0DF-3DA1C187F827} = {3CD3F1E8-670C-453E-AB65-3C95F14B7345}
	EndGlobalSection
	GlobalSection(ExtensibilityGlobals) = postSolution
		SolutionGuid = {47027EA4-2884-4A4F-A05D-48282D3CE71D}
	EndGlobalSection
EndGlobal
